
Microsoft Visual Studio Solution File, Format Version 12.00
# Visual Studio 14
VisualStudioVersion = 14.0.25420.1
MinimumVisualStudioVersion = 10.0.40219.1
Project("{FAE04EC0-301F-11D3-BF4B-00C04F79EFBC}") = "Controllers", "Controllers\Controllers.csproj", "{B4DA1683-D494-4220-955D-CA57C20B7DBD}"
EndProject
Project("{FAE04EC0-301F-11D3-BF4B-00C04F79EFBC}") = "ControllerTask_Attributes", "ControllerTask\ControllerTask_Attributes.csproj", "{BF2D7975-8F73-4F7E-9259-26AC070BB8AE}"
EndProject
Project("{FAE04EC0-301F-11D3-BF4B-00C04F79EFBC}") = "ControllerTask_CustomFactory", "ControllerTask_CustomFactory\ControllerTask_CustomFactory.csproj", "{20F47B62-138F-4E2C-A57D-8D0D58E57440}"
EndProject
Global
	GlobalSection(SolutionConfigurationPlatforms) = preSolution
		Debug|Any CPU = Debug|Any CPU
		Release|Any CPU = Release|Any CPU
	EndGlobalSection
	GlobalSection(ProjectConfigurationPlatforms) = postSolution
		{B4DA1683-D494-4220-955D-CA57C20B7DBD}.Debug|Any CPU.ActiveCfg = Debug|Any CPU
		{B4DA1683-D494-4220-955D-CA57C20B7DBD}.Debug|Any CPU.Build.0 = Debug|Any CPU
		{B4DA1683-D494-4220-955D-CA57C20B7DBD}.Release|Any CPU.ActiveCfg = Release|Any CPU
		{B4DA1683-D494-4220-955D-CA57C20B7DBD}.Release|Any CPU.Build.0 = Release|Any CPU
		{BF2D7975-8F73-4F7E-9259-26AC070BB8AE}.Debug|Any CPU.ActiveCfg = Debug|Any CPU
		{BF2D7975-8F73-4F7E-9259-26AC070BB8AE}.Debug|Any CPU.Build.0 = Debug|Any CPU
		{BF2D7975-8F73-4F7E-9259-26AC070BB8AE}.Release|Any CPU.ActiveCfg = Release|Any CPU
		{BF2D7975-8F73-4F7E-9259-26AC070BB8AE}.Release|Any CPU.Build.0 = Release|Any CPU
		{20F47B62-138F-4E2C-A57D-8D0D58E57440}.Debug|Any CPU.ActiveCfg = Debug|Any CPU
		{20F47B62-138F-4E2C-A57D-8D0D58E57440}.Debug|Any CPU.Build.0 = Debug|Any CPU
		{20F47B62-138F-4E2C-A57D-8D0D58E57440}.Release|Any CPU.ActiveCfg = Release|Any CPU
		{20F47B62-138F-4E2C-A57D-8D0D58E57440}.Release|Any CPU.Build.0 = Release|Any CPU
	EndGlobalSection
	GlobalSection(SolutionProperties) = preSolution
		HideSolutionNode = FALSE
	EndGlobalSection
EndGlobal
